// !$*UTF8*$!
{
	archiveVersion = 1;
	classes = {
	};
	objectVersion = 55;
	objects = {

/* Begin PBXBuildFile section */
		CA6F34DA2726B1DC00DC4D8F /* Extension.swift in Sources */ = {isa = PBXBuildFile; fileRef = CA6F34D92726B1DC00DC4D8F /* Extension.swift */; };
		F700E8852754FC2400ADB62A /* SecondInterfaceController.swift in Sources */ = {isa = PBXBuildFile; fileRef = F700E8832754FC2400ADB62A /* SecondInterfaceController.swift */; };
		F700E8862754FC2400ADB62A /* WatchCustomCell.swift in Sources */ = {isa = PBXBuildFile; fileRef = F700E8842754FC2400ADB62A /* WatchCustomCell.swift */; };
		F700E88D2755024E00ADB62A /* WidgetKit.framework in Frameworks */ = {isa = PBXBuildFile; fileRef = F700E88C2755024E00ADB62A /* WidgetKit.framework */; };
		F700E88F2755024E00ADB62A /* SwiftUI.framework in Frameworks */ = {isa = PBXBuildFile; fileRef = F700E88E2755024E00ADB62A /* SwiftUI.framework */; };
		F700E8922755024E00ADB62A /* WeatherNowWidget.swift in Sources */ = {isa = PBXBuildFile; fileRef = F700E8912755024E00ADB62A /* WeatherNowWidget.swift */; };
		F700E8952755025100ADB62A /* Assets.xcassets in Resources */ = {isa = PBXBuildFile; fileRef = F700E8942755025100ADB62A /* Assets.xcassets */; };
		F700E8972755025100ADB62A /* WeatherNowWidget.intentdefinition in Sources */ = {isa = PBXBuildFile; fileRef = F700E8932755024E00ADB62A /* WeatherNowWidget.intentdefinition */; };
		F700E8982755025100ADB62A /* WeatherNowWidget.intentdefinition in Sources */ = {isa = PBXBuildFile; fileRef = F700E8932755024E00ADB62A /* WeatherNowWidget.intentdefinition */; };
		F700E89B2755025100ADB62A /* WeatherNowWidgetExtension.appex in Embed App Extensions */ = {isa = PBXBuildFile; fileRef = F700E88B2755024E00ADB62A /* WeatherNowWidgetExtension.appex */; settings = {ATTRIBUTES = (RemoveHeadersOnCopy, ); }; };
		F700E8A02755029200ADB62A /* SearchLocationModel.swift in Sources */ = {isa = PBXBuildFile; fileRef = F75CB278272EA7DD00E51453 /* SearchLocationModel.swift */; };
		F700E8A12755029200ADB62A /* WeatherModel.swift in Sources */ = {isa = PBXBuildFile; fileRef = F7B42E532722179D0058736D /* WeatherModel.swift */; };
		F700E8A22755029B00ADB62A /* Extension.swift in Sources */ = {isa = PBXBuildFile; fileRef = CA6F34D92726B1DC00DC4D8F /* Extension.swift */; };
		F75CB279272EA7DD00E51453 /* SearchLocationModel.swift in Sources */ = {isa = PBXBuildFile; fileRef = F75CB278272EA7DD00E51453 /* SearchLocationModel.swift */; };
		F7B42E3E2722170C0058736D /* AppDelegate.swift in Sources */ = {isa = PBXBuildFile; fileRef = F7B42E3D2722170C0058736D /* AppDelegate.swift */; };
		F7B42E402722170C0058736D /* SceneDelegate.swift in Sources */ = {isa = PBXBuildFile; fileRef = F7B42E3F2722170C0058736D /* SceneDelegate.swift */; };
		F7B42E422722170C0058736D /* WeatherViewController.swift in Sources */ = {isa = PBXBuildFile; fileRef = F7B42E412722170C0058736D /* WeatherViewController.swift */; };
		F7B42E452722170C0058736D /* Main.storyboard in Resources */ = {isa = PBXBuildFile; fileRef = F7B42E432722170C0058736D /* Main.storyboard */; };
		F7B42E47272217110058736D /* Assets.xcassets in Resources */ = {isa = PBXBuildFile; fileRef = F7B42E46272217110058736D /* Assets.xcassets */; };
		F7B42E4A272217110058736D /* LaunchScreen.storyboard in Resources */ = {isa = PBXBuildFile; fileRef = F7B42E48272217110058736D /* LaunchScreen.storyboard */; };
		F7B42E522722176E0058736D /* SearchViewController.swift in Sources */ = {isa = PBXBuildFile; fileRef = F7B42E512722176E0058736D /* SearchViewController.swift */; };
		F7B42E542722179D0058736D /* WeatherModel.swift in Sources */ = {isa = PBXBuildFile; fileRef = F7B42E532722179D0058736D /* WeatherModel.swift */; };
		F7B42E57272217C80058736D /* TableViewCell.swift in Sources */ = {isa = PBXBuildFile; fileRef = F7B42E55272217C80058736D /* TableViewCell.swift */; };
		F7B42E58272217C80058736D /* TableViewCell.xib in Resources */ = {isa = PBXBuildFile; fileRef = F7B42E56272217C80058736D /* TableViewCell.xib */; };
		F7C0B1DC275CF32A00A5575F /* WidgetFamilySetup.swift in Sources */ = {isa = PBXBuildFile; fileRef = F7C0B1DB275CF32A00A5575F /* WidgetFamilySetup.swift */; };
		F7C8BF48274137AB000F59D6 /* Interface.storyboard in Resources */ = {isa = PBXBuildFile; fileRef = F7C8BF46274137AB000F59D6 /* Interface.storyboard */; };
		F7C8BF4A274137AC000F59D6 /* Assets.xcassets in Resources */ = {isa = PBXBuildFile; fileRef = F7C8BF49274137AC000F59D6 /* Assets.xcassets */; };
		F7C8BF50274137AC000F59D6 /* WeatherNowWatch WatchKit Extension.appex in Embed App Extensions */ = {isa = PBXBuildFile; fileRef = F7C8BF4F274137AC000F59D6 /* WeatherNowWatch WatchKit Extension.appex */; settings = {ATTRIBUTES = (RemoveHeadersOnCopy, ); }; };
		F7C8BF55274137AC000F59D6 /* InterfaceController.swift in Sources */ = {isa = PBXBuildFile; fileRef = F7C8BF54274137AC000F59D6 /* InterfaceController.swift */; };
		F7C8BF57274137AC000F59D6 /* ExtensionDelegate.swift in Sources */ = {isa = PBXBuildFile; fileRef = F7C8BF56274137AC000F59D6 /* ExtensionDelegate.swift */; };
		F7C8BF59274137AC000F59D6 /* ComplicationController.swift in Sources */ = {isa = PBXBuildFile; fileRef = F7C8BF58274137AC000F59D6 /* ComplicationController.swift */; };
		F7C8BF5B274137AD000F59D6 /* Assets.xcassets in Resources */ = {isa = PBXBuildFile; fileRef = F7C8BF5A274137AD000F59D6 /* Assets.xcassets */; };
		F7C8BF5F274137AD000F59D6 /* WeatherNowWatch.app in Embed Watch Content */ = {isa = PBXBuildFile; fileRef = F7C8BF44274137AB000F59D6 /* WeatherNowWatch.app */; settings = {ATTRIBUTES = (RemoveHeadersOnCopy, ); }; };
		F7D4D8A1273EF1B300A99E98 /* Reachability in Frameworks */ = {isa = PBXBuildFile; productRef = F7D4D8A0273EF1B300A99E98 /* Reachability */; };
		F7D78EEE273A9CD600E1E1EA /* MarqueeLabel.swift in Sources */ = {isa = PBXBuildFile; fileRef = F7D78EED273A9CD600E1E1EA /* MarqueeLabel.swift */; };
		F7D78EF1273A9E5200E1E1EA /* QuartzCore.framework in Frameworks */ = {isa = PBXBuildFile; fileRef = F7D78EF0273A9E5200E1E1EA /* QuartzCore.framework */; };
		F7FEBB7B2742618300CDA45F /* WeatherViewController.swift in Sources */ = {isa = PBXBuildFile; fileRef = F7B42E412722170C0058736D /* WeatherViewController.swift */; };
		F7FEBB7F2742744100CDA45F /* WeatherModel.swift in Sources */ = {isa = PBXBuildFile; fileRef = F7B42E532722179D0058736D /* WeatherModel.swift */; };
		F7FEBB802742744400CDA45F /* SearchLocationModel.swift in Sources */ = {isa = PBXBuildFile; fileRef = F75CB278272EA7DD00E51453 /* SearchLocationModel.swift */; };
/* End PBXBuildFile section */

/* Begin PBXContainerItemProxy section */
		F700E8992755025100ADB62A /* PBXContainerItemProxy */ = {
			isa = PBXContainerItemProxy;
			containerPortal = F7B42E322722170C0058736D /* Project object */;
			proxyType = 1;
			remoteGlobalIDString = F700E88A2755024E00ADB62A;
			remoteInfo = WeatherNowWidgetExtension;
		};
		F7C8BF51274137AC000F59D6 /* PBXContainerItemProxy */ = {
			isa = PBXContainerItemProxy;
			containerPortal = F7B42E322722170C0058736D /* Project object */;
			proxyType = 1;
			remoteGlobalIDString = F7C8BF4E274137AC000F59D6;
			remoteInfo = "WeatherNowWatch WatchKit Extension";
		};
		F7C8BF5D274137AD000F59D6 /* PBXContainerItemProxy */ = {
			isa = PBXContainerItemProxy;
			containerPortal = F7B42E322722170C0058736D /* Project object */;
			proxyType = 1;
			remoteGlobalIDString = F7C8BF43274137AB000F59D6;
			remoteInfo = WeatherNowWatch;
		};
/* End PBXContainerItemProxy section */

/* Begin PBXCopyFilesBuildPhase section */
		F700E89F2755025100ADB62A /* Embed App Extensions */ = {
			isa = PBXCopyFilesBuildPhase;
			buildActionMask = 2147483647;
			dstPath = "";
			dstSubfolderSpec = 13;
			files = (
				F700E89B2755025100ADB62A /* WeatherNowWidgetExtension.appex in Embed App Extensions */,
			);
			name = "Embed App Extensions";
			runOnlyForDeploymentPostprocessing = 0;
		};
		F7C8BF60274137AD000F59D6 /* Embed Watch Content */ = {
			isa = PBXCopyFilesBuildPhase;
			buildActionMask = 2147483647;
			dstPath = "$(CONTENTS_FOLDER_PATH)/Watch";
			dstSubfolderSpec = 16;
			files = (
				F7C8BF5F274137AD000F59D6 /* WeatherNowWatch.app in Embed Watch Content */,
			);
			name = "Embed Watch Content";
			runOnlyForDeploymentPostprocessing = 0;
		};
		F7C8BF63274137AD000F59D6 /* Embed App Extensions */ = {
			isa = PBXCopyFilesBuildPhase;
			buildActionMask = 2147483647;
			dstPath = "";
			dstSubfolderSpec = 13;
			files = (
				F7C8BF50274137AC000F59D6 /* WeatherNowWatch WatchKit Extension.appex in Embed App Extensions */,
			);
			name = "Embed App Extensions";
			runOnlyForDeploymentPostprocessing = 0;
		};
/* End PBXCopyFilesBuildPhase section */

/* Begin PBXFileReference section */
		CA6F34D92726B1DC00DC4D8F /* Extension.swift */ = {isa = PBXFileReference; lastKnownFileType = sourcecode.swift; path = Extension.swift; sourceTree = "<group>"; };
		F700E8832754FC2400ADB62A /* SecondInterfaceController.swift */ = {isa = PBXFileReference; fileEncoding = 4; lastKnownFileType = sourcecode.swift; path = SecondInterfaceController.swift; sourceTree = "<group>"; };
		F700E8842754FC2400ADB62A /* WatchCustomCell.swift */ = {isa = PBXFileReference; fileEncoding = 4; lastKnownFileType = sourcecode.swift; path = WatchCustomCell.swift; sourceTree = "<group>"; };
		F700E88B2755024E00ADB62A /* WeatherNowWidgetExtension.appex */ = {isa = PBXFileReference; explicitFileType = "wrapper.app-extension"; includeInIndex = 0; path = WeatherNowWidgetExtension.appex; sourceTree = BUILT_PRODUCTS_DIR; };
		F700E88C2755024E00ADB62A /* WidgetKit.framework */ = {isa = PBXFileReference; lastKnownFileType = wrapper.framework; name = WidgetKit.framework; path = System/Library/Frameworks/WidgetKit.framework; sourceTree = SDKROOT; };
		F700E88E2755024E00ADB62A /* SwiftUI.framework */ = {isa = PBXFileReference; lastKnownFileType = wrapper.framework; name = SwiftUI.framework; path = System/Library/Frameworks/SwiftUI.framework; sourceTree = SDKROOT; };
		F700E8912755024E00ADB62A /* WeatherNowWidget.swift */ = {isa = PBXFileReference; lastKnownFileType = sourcecode.swift; path = WeatherNowWidget.swift; sourceTree = "<group>"; };
		F700E8932755024E00ADB62A /* WeatherNowWidget.intentdefinition */ = {isa = PBXFileReference; lastKnownFileType = file.intentdefinition; path = WeatherNowWidget.intentdefinition; sourceTree = "<group>"; };
		F700E8942755025100ADB62A /* Assets.xcassets */ = {isa = PBXFileReference; lastKnownFileType = folder.assetcatalog; path = Assets.xcassets; sourceTree = "<group>"; };
		F700E8962755025100ADB62A /* Info.plist */ = {isa = PBXFileReference; lastKnownFileType = text.plist.xml; path = Info.plist; sourceTree = "<group>"; };
		F734C0EF275512B400FFE127 /* WeatherNowWidgetExtension.entitlements */ = {isa = PBXFileReference; lastKnownFileType = text.plist.entitlements; path = WeatherNowWidgetExtension.entitlements; sourceTree = "<group>"; };
		F747D4542743B8760069DAE0 /* WeatherNow.entitlements */ = {isa = PBXFileReference; lastKnownFileType = text.plist.entitlements; path = WeatherNow.entitlements; sourceTree = "<group>"; };
		F747D4552743B94A0069DAE0 /* WeatherNowWatch.entitlements */ = {isa = PBXFileReference; lastKnownFileType = text.plist.entitlements; path = WeatherNowWatch.entitlements; sourceTree = "<group>"; };
		F75CB278272EA7DD00E51453 /* SearchLocationModel.swift */ = {isa = PBXFileReference; lastKnownFileType = sourcecode.swift; path = SearchLocationModel.swift; sourceTree = "<group>"; };
		F7B42E3A2722170C0058736D /* WeatherNow.app */ = {isa = PBXFileReference; explicitFileType = wrapper.application; includeInIndex = 0; path = WeatherNow.app; sourceTree = BUILT_PRODUCTS_DIR; };
		F7B42E3D2722170C0058736D /* AppDelegate.swift */ = {isa = PBXFileReference; lastKnownFileType = sourcecode.swift; path = AppDelegate.swift; sourceTree = "<group>"; };
		F7B42E3F2722170C0058736D /* SceneDelegate.swift */ = {isa = PBXFileReference; lastKnownFileType = sourcecode.swift; path = SceneDelegate.swift; sourceTree = "<group>"; };
		F7B42E412722170C0058736D /* WeatherViewController.swift */ = {isa = PBXFileReference; lastKnownFileType = sourcecode.swift; path = WeatherViewController.swift; sourceTree = "<group>"; };
		F7B42E442722170C0058736D /* Base */ = {isa = PBXFileReference; lastKnownFileType = file.storyboard; name = Base; path = Base.lproj/Main.storyboard; sourceTree = "<group>"; };
		F7B42E46272217110058736D /* Assets.xcassets */ = {isa = PBXFileReference; lastKnownFileType = folder.assetcatalog; path = Assets.xcassets; sourceTree = "<group>"; };
		F7B42E49272217110058736D /* Base */ = {isa = PBXFileReference; lastKnownFileType = file.storyboard; name = Base; path = Base.lproj/LaunchScreen.storyboard; sourceTree = "<group>"; };
		F7B42E4B272217110058736D /* Info.plist */ = {isa = PBXFileReference; lastKnownFileType = text.plist.xml; path = Info.plist; sourceTree = "<group>"; };
		F7B42E512722176E0058736D /* SearchViewController.swift */ = {isa = PBXFileReference; lastKnownFileType = sourcecode.swift; path = SearchViewController.swift; sourceTree = "<group>"; };
		F7B42E532722179D0058736D /* WeatherModel.swift */ = {isa = PBXFileReference; lastKnownFileType = sourcecode.swift; path = WeatherModel.swift; sourceTree = "<group>"; };
		F7B42E55272217C80058736D /* TableViewCell.swift */ = {isa = PBXFileReference; lastKnownFileType = sourcecode.swift; path = TableViewCell.swift; sourceTree = "<group>"; };
		F7B42E56272217C80058736D /* TableViewCell.xib */ = {isa = PBXFileReference; lastKnownFileType = file.xib; path = TableViewCell.xib; sourceTree = "<group>"; };
		F7C0B1DB275CF32A00A5575F /* WidgetFamilySetup.swift */ = {isa = PBXFileReference; lastKnownFileType = sourcecode.swift; path = WidgetFamilySetup.swift; sourceTree = "<group>"; };
		F7C8BF44274137AB000F59D6 /* WeatherNowWatch.app */ = {isa = PBXFileReference; explicitFileType = wrapper.application; includeInIndex = 0; path = WeatherNowWatch.app; sourceTree = BUILT_PRODUCTS_DIR; };
		F7C8BF47274137AB000F59D6 /* Base */ = {isa = PBXFileReference; lastKnownFileType = file.storyboard; name = Base; path = Base.lproj/Interface.storyboard; sourceTree = "<group>"; };
		F7C8BF49274137AC000F59D6 /* Assets.xcassets */ = {isa = PBXFileReference; lastKnownFileType = folder.assetcatalog; path = Assets.xcassets; sourceTree = "<group>"; };
		F7C8BF4F274137AC000F59D6 /* WeatherNowWatch WatchKit Extension.appex */ = {isa = PBXFileReference; explicitFileType = "wrapper.app-extension"; includeInIndex = 0; path = "WeatherNowWatch WatchKit Extension.appex"; sourceTree = BUILT_PRODUCTS_DIR; };
		F7C8BF54274137AC000F59D6 /* InterfaceController.swift */ = {isa = PBXFileReference; lastKnownFileType = sourcecode.swift; path = InterfaceController.swift; sourceTree = "<group>"; };
		F7C8BF56274137AC000F59D6 /* ExtensionDelegate.swift */ = {isa = PBXFileReference; lastKnownFileType = sourcecode.swift; path = ExtensionDelegate.swift; sourceTree = "<group>"; };
		F7C8BF58274137AC000F59D6 /* ComplicationController.swift */ = {isa = PBXFileReference; lastKnownFileType = sourcecode.swift; path = ComplicationController.swift; sourceTree = "<group>"; };
		F7C8BF5A274137AD000F59D6 /* Assets.xcassets */ = {isa = PBXFileReference; lastKnownFileType = folder.assetcatalog; path = Assets.xcassets; sourceTree = "<group>"; };
		F7C8BF5C274137AD000F59D6 /* Info.plist */ = {isa = PBXFileReference; lastKnownFileType = text.plist.xml; path = Info.plist; sourceTree = "<group>"; };
		F7D78EED273A9CD600E1E1EA /* MarqueeLabel.swift */ = {isa = PBXFileReference; fileEncoding = 4; lastKnownFileType = sourcecode.swift; path = MarqueeLabel.swift; sourceTree = "<group>"; };
		F7D78EF0273A9E5200E1E1EA /* QuartzCore.framework */ = {isa = PBXFileReference; lastKnownFileType = wrapper.framework; name = QuartzCore.framework; path = System/Library/Frameworks/QuartzCore.framework; sourceTree = SDKROOT; };
/* End PBXFileReference section */

/* Begin PBXFrameworksBuildPhase section */
		F700E8882755024E00ADB62A /* Frameworks */ = {
			isa = PBXFrameworksBuildPhase;
			buildActionMask = 2147483647;
			files = (
				F700E88F2755024E00ADB62A /* SwiftUI.framework in Frameworks */,
				F700E88D2755024E00ADB62A /* WidgetKit.framework in Frameworks */,
			);
			runOnlyForDeploymentPostprocessing = 0;
		};
		F7B42E372722170C0058736D /* Frameworks */ = {
			isa = PBXFrameworksBuildPhase;
			buildActionMask = 2147483647;
			files = (
				F7D78EF1273A9E5200E1E1EA /* QuartzCore.framework in Frameworks */,
				F7D4D8A1273EF1B300A99E98 /* Reachability in Frameworks */,
			);
			runOnlyForDeploymentPostprocessing = 0;
		};
		F7C8BF4C274137AC000F59D6 /* Frameworks */ = {
			isa = PBXFrameworksBuildPhase;
			buildActionMask = 2147483647;
			files = (
			);
			runOnlyForDeploymentPostprocessing = 0;
		};
/* End PBXFrameworksBuildPhase section */

/* Begin PBXGroup section */
		F700E8902755024E00ADB62A /* WeatherNowWidget */ = {
			isa = PBXGroup;
			children = (
				F700E8912755024E00ADB62A /* WeatherNowWidget.swift */,
				F7C0B1DB275CF32A00A5575F /* WidgetFamilySetup.swift */,
				F700E8932755024E00ADB62A /* WeatherNowWidget.intentdefinition */,
				F700E8942755025100ADB62A /* Assets.xcassets */,
				F700E8962755025100ADB62A /* Info.plist */,
			);
			path = WeatherNowWidget;
			sourceTree = "<group>";
		};
		F7A0AE982735C06B0009BD2B /* ViewControllers */ = {
			isa = PBXGroup;
			children = (
				F7B42E412722170C0058736D /* WeatherViewController.swift */,
				F7B42E512722176E0058736D /* SearchViewController.swift */,
			);
			path = ViewControllers;
			sourceTree = "<group>";
		};
		F7A0AE992735C0880009BD2B /* APIModels */ = {
			isa = PBXGroup;
			children = (
				F7B42E532722179D0058736D /* WeatherModel.swift */,
				F75CB278272EA7DD00E51453 /* SearchLocationModel.swift */,
			);
			path = APIModels;
			sourceTree = "<group>";
		};
		F7A0AE9A2735C0A10009BD2B /* TableViewCustomCell */ = {
			isa = PBXGroup;
			children = (
				F7B42E55272217C80058736D /* TableViewCell.swift */,
				F7B42E56272217C80058736D /* TableViewCell.xib */,
			);
			path = TableViewCustomCell;
			sourceTree = "<group>";
		};
		F7A0AE9B2735C0B10009BD2B /* Extension */ = {
			isa = PBXGroup;
			children = (
				CA6F34D92726B1DC00DC4D8F /* Extension.swift */,
			);
			path = Extension;
			sourceTree = "<group>";
		};
		F7B42E312722170C0058736D = {
			isa = PBXGroup;
			children = (
				F734C0EF275512B400FFE127 /* WeatherNowWidgetExtension.entitlements */,
				F7B42E3C2722170C0058736D /* WeatherNow */,
				F7C8BF45274137AB000F59D6 /* WeatherNowWatch */,
				F7C8BF53274137AC000F59D6 /* WeatherNowWatch WatchKit Extension */,
				F700E8902755024E00ADB62A /* WeatherNowWidget */,
				F7B42E3B2722170C0058736D /* Products */,
				F7D78EEF273A9E5200E1E1EA /* Frameworks */,
			);
			sourceTree = "<group>";
		};
		F7B42E3B2722170C0058736D /* Products */ = {
			isa = PBXGroup;
			children = (
				F7B42E3A2722170C0058736D /* WeatherNow.app */,
				F7C8BF44274137AB000F59D6 /* WeatherNowWatch.app */,
				F7C8BF4F274137AC000F59D6 /* WeatherNowWatch WatchKit Extension.appex */,
				F700E88B2755024E00ADB62A /* WeatherNowWidgetExtension.appex */,
			);
			name = Products;
			sourceTree = "<group>";
		};
		F7B42E3C2722170C0058736D /* WeatherNow */ = {
			isa = PBXGroup;
			children = (
				F747D4542743B8760069DAE0 /* WeatherNow.entitlements */,
				F7B42E3D2722170C0058736D /* AppDelegate.swift */,
				F7B42E3F2722170C0058736D /* SceneDelegate.swift */,
				F7A0AE982735C06B0009BD2B /* ViewControllers */,
				F7A0AE992735C0880009BD2B /* APIModels */,
				F7A0AE9A2735C0A10009BD2B /* TableViewCustomCell */,
				F7B42E432722170C0058736D /* Main.storyboard */,
				F7A0AE9B2735C0B10009BD2B /* Extension */,
				F7B42E46272217110058736D /* Assets.xcassets */,
				F7B42E48272217110058736D /* LaunchScreen.storyboard */,
				F7B42E4B272217110058736D /* Info.plist */,
				F7D78EED273A9CD600E1E1EA /* MarqueeLabel.swift */,
			);
			path = WeatherNow;
			sourceTree = "<group>";
		};
		F7C8BF45274137AB000F59D6 /* WeatherNowWatch */ = {
			isa = PBXGroup;
			children = (
				F747D4552743B94A0069DAE0 /* WeatherNowWatch.entitlements */,
				F7C8BF46274137AB000F59D6 /* Interface.storyboard */,
				F7C8BF49274137AC000F59D6 /* Assets.xcassets */,
			);
			path = WeatherNowWatch;
			sourceTree = "<group>";
		};
		F7C8BF53274137AC000F59D6 /* WeatherNowWatch WatchKit Extension */ = {
			isa = PBXGroup;
			children = (
				F7C8BF54274137AC000F59D6 /* InterfaceController.swift */,
				F700E8832754FC2400ADB62A /* SecondInterfaceController.swift */,
				F700E8842754FC2400ADB62A /* WatchCustomCell.swift */,
				F7C8BF56274137AC000F59D6 /* ExtensionDelegate.swift */,
				F7C8BF58274137AC000F59D6 /* ComplicationController.swift */,
				F7C8BF5A274137AD000F59D6 /* Assets.xcassets */,
				F7C8BF5C274137AD000F59D6 /* Info.plist */,
			);
			path = "WeatherNowWatch WatchKit Extension";
			sourceTree = "<group>";
		};
		F7D78EEF273A9E5200E1E1EA /* Frameworks */ = {
			isa = PBXGroup;
			children = (
				F7D78EF0273A9E5200E1E1EA /* QuartzCore.framework */,
				F700E88C2755024E00ADB62A /* WidgetKit.framework */,
				F700E88E2755024E00ADB62A /* SwiftUI.framework */,
			);
			name = Frameworks;
			sourceTree = "<group>";
		};
/* End PBXGroup section */

/* Begin PBXNativeTarget section */
		F700E88A2755024E00ADB62A /* WeatherNowWidgetExtension */ = {
			isa = PBXNativeTarget;
			buildConfigurationList = F700E89C2755025100ADB62A /* Build configuration list for PBXNativeTarget "WeatherNowWidgetExtension" */;
			buildPhases = (
				F700E8872755024E00ADB62A /* Sources */,
				F700E8882755024E00ADB62A /* Frameworks */,
				F700E8892755024E00ADB62A /* Resources */,
			);
			buildRules = (
			);
			dependencies = (
			);
			name = WeatherNowWidgetExtension;
			productName = WeatherNowWidgetExtension;
			productReference = F700E88B2755024E00ADB62A /* WeatherNowWidgetExtension.appex */;
			productType = "com.apple.product-type.app-extension";
		};
		F7B42E392722170C0058736D /* WeatherNow */ = {
			isa = PBXNativeTarget;
			buildConfigurationList = F7B42E4E272217110058736D /* Build configuration list for PBXNativeTarget "WeatherNow" */;
			buildPhases = (
				F7B42E362722170C0058736D /* Sources */,
				F7B42E372722170C0058736D /* Frameworks */,
				F7B42E382722170C0058736D /* Resources */,
				F7C8BF60274137AD000F59D6 /* Embed Watch Content */,
				F700E89F2755025100ADB62A /* Embed App Extensions */,
			);
			buildRules = (
			);
			dependencies = (
				F7C8BF5E274137AD000F59D6 /* PBXTargetDependency */,
				F700E89A2755025100ADB62A /* PBXTargetDependency */,
			);
			name = WeatherNow;
			packageProductDependencies = (
				F7D4D8A0273EF1B300A99E98 /* Reachability */,
			);
			productName = WeatherNow;
			productReference = F7B42E3A2722170C0058736D /* WeatherNow.app */;
			productType = "com.apple.product-type.application";
		};
		F7C8BF43274137AB000F59D6 /* WeatherNowWatch */ = {
			isa = PBXNativeTarget;
			buildConfigurationList = F7C8BF67274137AD000F59D6 /* Build configuration list for PBXNativeTarget "WeatherNowWatch" */;
			buildPhases = (
				F7C8BF42274137AB000F59D6 /* Resources */,
				F7C8BF63274137AD000F59D6 /* Embed App Extensions */,
			);
			buildRules = (
			);
			dependencies = (
				F7C8BF52274137AC000F59D6 /* PBXTargetDependency */,
			);
			name = WeatherNowWatch;
			productName = WeatherNowWatch;
			productReference = F7C8BF44274137AB000F59D6 /* WeatherNowWatch.app */;
			productType = "com.apple.product-type.application.watchapp2";
		};
		F7C8BF4E274137AC000F59D6 /* WeatherNowWatch WatchKit Extension */ = {
			isa = PBXNativeTarget;
			buildConfigurationList = F7C8BF66274137AD000F59D6 /* Build configuration list for PBXNativeTarget "WeatherNowWatch WatchKit Extension" */;
			buildPhases = (
				F7C8BF4B274137AC000F59D6 /* Sources */,
				F7C8BF4C274137AC000F59D6 /* Frameworks */,
				F7C8BF4D274137AC000F59D6 /* Resources */,
			);
			buildRules = (
			);
			dependencies = (
			);
			name = "WeatherNowWatch WatchKit Extension";
			productName = "WeatherNowWatch WatchKit Extension";
			productReference = F7C8BF4F274137AC000F59D6 /* WeatherNowWatch WatchKit Extension.appex */;
			productType = "com.apple.product-type.watchkit2-extension";
		};
/* End PBXNativeTarget section */

/* Begin PBXProject section */
		F7B42E322722170C0058736D /* Project object */ = {
			isa = PBXProject;
			attributes = {
				BuildIndependentTargetsInParallel = 1;
				LastSwiftUpdateCheck = 1310;
				LastUpgradeCheck = 1300;
				TargetAttributes = {
					F700E88A2755024E00ADB62A = {
						CreatedOnToolsVersion = 13.1;
					};
					F7B42E392722170C0058736D = {
						CreatedOnToolsVersion = 13.0;
					};
					F7C8BF43274137AB000F59D6 = {
						CreatedOnToolsVersion = 13.1;
					};
					F7C8BF4E274137AC000F59D6 = {
						CreatedOnToolsVersion = 13.1;
					};
				};
			};
			buildConfigurationList = F7B42E352722170C0058736D /* Build configuration list for PBXProject "WeatherNow" */;
			compatibilityVersion = "Xcode 13.0";
			developmentRegion = en;
			hasScannedForEncodings = 0;
			knownRegions = (
				en,
				Base,
			);
			mainGroup = F7B42E312722170C0058736D;
			packageReferences = (
				F7D4D89F273EF1B300A99E98 /* XCRemoteSwiftPackageReference "Reachability" */,
			);
			productRefGroup = F7B42E3B2722170C0058736D /* Products */;
			projectDirPath = "";
			projectRoot = "";
			targets = (
				F7B42E392722170C0058736D /* WeatherNow */,
				F7C8BF43274137AB000F59D6 /* WeatherNowWatch */,
				F7C8BF4E274137AC000F59D6 /* WeatherNowWatch WatchKit Extension */,
				F700E88A2755024E00ADB62A /* WeatherNowWidgetExtension */,
			);
		};
/* End PBXProject section */

/* Begin PBXResourcesBuildPhase section */
		F700E8892755024E00ADB62A /* Resources */ = {
			isa = PBXResourcesBuildPhase;
			buildActionMask = 2147483647;
			files = (
				F700E8952755025100ADB62A /* Assets.xcassets in Resources */,
			);
			runOnlyForDeploymentPostprocessing = 0;
		};
		F7B42E382722170C0058736D /* Resources */ = {
			isa = PBXResourcesBuildPhase;
			buildActionMask = 2147483647;
			files = (
				F7B42E4A272217110058736D /* LaunchScreen.storyboard in Resources */,
				F7B42E58272217C80058736D /* TableViewCell.xib in Resources */,
				F7B42E47272217110058736D /* Assets.xcassets in Resources */,
				F7B42E452722170C0058736D /* Main.storyboard in Resources */,
			);
			runOnlyForDeploymentPostprocessing = 0;
		};
		F7C8BF42274137AB000F59D6 /* Resources */ = {
			isa = PBXResourcesBuildPhase;
			buildActionMask = 2147483647;
			files = (
				F7C8BF4A274137AC000F59D6 /* Assets.xcassets in Resources */,
				F7C8BF48274137AB000F59D6 /* Interface.storyboard in Resources */,
			);
			runOnlyForDeploymentPostprocessing = 0;
		};
		F7C8BF4D274137AC000F59D6 /* Resources */ = {
			isa = PBXResourcesBuildPhase;
			buildActionMask = 2147483647;
			files = (
				F7C8BF5B274137AD000F59D6 /* Assets.xcassets in Resources */,
			);
			runOnlyForDeploymentPostprocessing = 0;
		};
/* End PBXResourcesBuildPhase section */

/* Begin PBXSourcesBuildPhase section */
		F700E8872755024E00ADB62A /* Sources */ = {
			isa = PBXSourcesBuildPhase;
			buildActionMask = 2147483647;
			files = (
				F700E8A22755029B00ADB62A /* Extension.swift in Sources */,
				F7C0B1DC275CF32A00A5575F /* WidgetFamilySetup.swift in Sources */,
				F700E8972755025100ADB62A /* WeatherNowWidget.intentdefinition in Sources */,
				F700E8A02755029200ADB62A /* SearchLocationModel.swift in Sources */,
				F700E8A12755029200ADB62A /* WeatherModel.swift in Sources */,
				F700E8922755024E00ADB62A /* WeatherNowWidget.swift in Sources */,
			);
			runOnlyForDeploymentPostprocessing = 0;
		};
		F7B42E362722170C0058736D /* Sources */ = {
			isa = PBXSourcesBuildPhase;
			buildActionMask = 2147483647;
			files = (
				F700E8982755025100ADB62A /* WeatherNowWidget.intentdefinition in Sources */,
				F7D78EEE273A9CD600E1E1EA /* MarqueeLabel.swift in Sources */,
				F7B42E422722170C0058736D /* WeatherViewController.swift in Sources */,
				F7B42E3E2722170C0058736D /* AppDelegate.swift in Sources */,
				CA6F34DA2726B1DC00DC4D8F /* Extension.swift in Sources */,
				F7B42E522722176E0058736D /* SearchViewController.swift in Sources */,
				F75CB279272EA7DD00E51453 /* SearchLocationModel.swift in Sources */,
				F7B42E57272217C80058736D /* TableViewCell.swift in Sources */,
				F7B42E402722170C0058736D /* SceneDelegate.swift in Sources */,
				F7B42E542722179D0058736D /* WeatherModel.swift in Sources */,
			);
			runOnlyForDeploymentPostprocessing = 0;
		};
		F7C8BF4B274137AC000F59D6 /* Sources */ = {
			isa = PBXSourcesBuildPhase;
			buildActionMask = 2147483647;
			files = (
				F7C8BF57274137AC000F59D6 /* ExtensionDelegate.swift in Sources */,
				F7FEBB7B2742618300CDA45F /* WeatherViewController.swift in Sources */,
				F700E8862754FC2400ADB62A /* WatchCustomCell.swift in Sources */,
				F7C8BF55274137AC000F59D6 /* InterfaceController.swift in Sources */,
				F700E8852754FC2400ADB62A /* SecondInterfaceController.swift in Sources */,
				F7C8BF59274137AC000F59D6 /* ComplicationController.swift in Sources */,
				F7FEBB802742744400CDA45F /* SearchLocationModel.swift in Sources */,
				F7FEBB7F2742744100CDA45F /* WeatherModel.swift in Sources */,
			);
			runOnlyForDeploymentPostprocessing = 0;
		};
/* End PBXSourcesBuildPhase section */

/* Begin PBXTargetDependency section */
		F700E89A2755025100ADB62A /* PBXTargetDependency */ = {
			isa = PBXTargetDependency;
			target = F700E88A2755024E00ADB62A /* WeatherNowWidgetExtension */;
			targetProxy = F700E8992755025100ADB62A /* PBXContainerItemProxy */;
		};
		F7C8BF52274137AC000F59D6 /* PBXTargetDependency */ = {
			isa = PBXTargetDependency;
			target = F7C8BF4E274137AC000F59D6 /* WeatherNowWatch WatchKit Extension */;
			targetProxy = F7C8BF51274137AC000F59D6 /* PBXContainerItemProxy */;
		};
		F7C8BF5E274137AD000F59D6 /* PBXTargetDependency */ = {
			isa = PBXTargetDependency;
			target = F7C8BF43274137AB000F59D6 /* WeatherNowWatch */;
			targetProxy = F7C8BF5D274137AD000F59D6 /* PBXContainerItemProxy */;
		};
/* End PBXTargetDependency section */

/* Begin PBXVariantGroup section */
		F7B42E432722170C0058736D /* Main.storyboard */ = {
			isa = PBXVariantGroup;
			children = (
				F7B42E442722170C0058736D /* Base */,
			);
			name = Main.storyboard;
			sourceTree = "<group>";
		};
		F7B42E48272217110058736D /* LaunchScreen.storyboard */ = {
			isa = PBXVariantGroup;
			children = (
				F7B42E49272217110058736D /* Base */,
			);
			name = LaunchScreen.storyboard;
			sourceTree = "<group>";
		};
		F7C8BF46274137AB000F59D6 /* Interface.storyboard */ = {
			isa = PBXVariantGroup;
			children = (
				F7C8BF47274137AB000F59D6 /* Base */,
			);
			name = Interface.storyboard;
			sourceTree = "<group>";
		};
/* End PBXVariantGroup section */

/* Begin XCBuildConfiguration section */
		F700E89D2755025100ADB62A /* Debug */ = {
			isa = XCBuildConfiguration;
			buildSettings = {
				ASSETCATALOG_COMPILER_GLOBAL_ACCENT_COLOR_NAME = AccentColor;
				ASSETCATALOG_COMPILER_WIDGET_BACKGROUND_COLOR_NAME = WidgetBackground;
				CODE_SIGN_ENTITLEMENTS = WeatherNowWidgetExtension.entitlements;
				CODE_SIGN_STYLE = Automatic;
				CURRENT_PROJECT_VERSION = 1;
				DEVELOPMENT_TEAM = 967Q89UR83;
				GENERATE_INFOPLIST_FILE = YES;
				INFOPLIST_FILE = WeatherNowWidget/Info.plist;
				INFOPLIST_KEY_CFBundleDisplayName = WeatherNowWidget;
				INFOPLIST_KEY_NSHumanReadableCopyright = "";
				LD_RUNPATH_SEARCH_PATHS = (
					"$(inherited)",
					"@executable_path/Frameworks",
					"@executable_path/../../Frameworks",
				);
				MARKETING_VERSION = 1.0;
				PRODUCT_BUNDLE_IDENTIFIER = weatherNowApp.widget;
				PRODUCT_NAME = "$(TARGET_NAME)";
				SKIP_INSTALL = YES;
				SWIFT_EMIT_LOC_STRINGS = YES;
				SWIFT_VERSION = 5.0;
				TARGETED_DEVICE_FAMILY = "1,2";
			};
			name = Debug;
		};
		F700E89E2755025100ADB62A /* Release */ = {
			isa = XCBuildConfiguration;
			buildSettings = {
				ASSETCATALOG_COMPILER_GLOBAL_ACCENT_COLOR_NAME = AccentColor;
				ASSETCATALOG_COMPILER_WIDGET_BACKGROUND_COLOR_NAME = WidgetBackground;
				CODE_SIGN_ENTITLEMENTS = WeatherNowWidgetExtension.entitlements;
				CODE_SIGN_STYLE = Automatic;
				CURRENT_PROJECT_VERSION = 1;
				DEVELOPMENT_TEAM = 967Q89UR83;
				GENERATE_INFOPLIST_FILE = YES;
				INFOPLIST_FILE = WeatherNowWidget/Info.plist;
				INFOPLIST_KEY_CFBundleDisplayName = WeatherNowWidget;
				INFOPLIST_KEY_NSHumanReadableCopyright = "";
				LD_RUNPATH_SEARCH_PATHS = (
					"$(inherited)",
					"@executable_path/Frameworks",
					"@executable_path/../../Frameworks",
				);
				MARKETING_VERSION = 1.0;
				PRODUCT_BUNDLE_IDENTIFIER = weatherNowApp.widget;
				PRODUCT_NAME = "$(TARGET_NAME)";
				SKIP_INSTALL = YES;
				SWIFT_EMIT_LOC_STRINGS = YES;
				SWIFT_VERSION = 5.0;
				TARGETED_DEVICE_FAMILY = "1,2";
			};
			name = Release;
		};
		F7B42E4C272217110058736D /* Debug */ = {
			isa = XCBuildConfiguration;
			buildSettings = {
				ALWAYS_SEARCH_USER_PATHS = NO;
				ASSETCATALOG_COMPILER_STICKER_PACK_IDENTIFIER_PREFIX = "";
				CLANG_ANALYZER_NONNULL = YES;
				CLANG_ANALYZER_NUMBER_OBJECT_CONVERSION = YES_AGGRESSIVE;
				CLANG_CXX_LANGUAGE_STANDARD = "gnu++17";
				CLANG_CXX_LIBRARY = "libc++";
				CLANG_ENABLE_MODULES = YES;
				CLANG_ENABLE_OBJC_ARC = YES;
				CLANG_ENABLE_OBJC_WEAK = YES;
				CLANG_WARN_BLOCK_CAPTURE_AUTORELEASING = YES;
				CLANG_WARN_BOOL_CONVERSION = YES;
				CLANG_WARN_COMMA = YES;
				CLANG_WARN_CONSTANT_CONVERSION = YES;
				CLANG_WARN_DEPRECATED_OBJC_IMPLEMENTATIONS = YES;
				CLANG_WARN_DIRECT_OBJC_ISA_USAGE = YES_ERROR;
				CLANG_WARN_DOCUMENTATION_COMMENTS = YES;
				CLANG_WARN_EMPTY_BODY = YES;
				CLANG_WARN_ENUM_CONVERSION = YES;
				CLANG_WARN_INFINITE_RECURSION = YES;
				CLANG_WARN_INT_CONVERSION = YES;
				CLANG_WARN_NON_LITERAL_NULL_CONVERSION = YES;
				CLANG_WARN_OBJC_IMPLICIT_RETAIN_SELF = YES;
				CLANG_WARN_OBJC_LITERAL_CONVERSION = YES;
				CLANG_WARN_OBJC_ROOT_CLASS = YES_ERROR;
				CLANG_WARN_QUOTED_INCLUDE_IN_FRAMEWORK_HEADER = YES;
				CLANG_WARN_RANGE_LOOP_ANALYSIS = YES;
				CLANG_WARN_STRICT_PROTOTYPES = YES;
				CLANG_WARN_SUSPICIOUS_MOVE = YES;
				CLANG_WARN_UNGUARDED_AVAILABILITY = YES_AGGRESSIVE;
				CLANG_WARN_UNREACHABLE_CODE = YES;
				CLANG_WARN__DUPLICATE_METHOD_MATCH = YES;
				COPY_PHASE_STRIP = NO;
				DEBUG_INFORMATION_FORMAT = dwarf;
				ENABLE_STRICT_OBJC_MSGSEND = YES;
				ENABLE_TESTABILITY = YES;
				GCC_C_LANGUAGE_STANDARD = gnu11;
				GCC_DYNAMIC_NO_PIC = NO;
				GCC_NO_COMMON_BLOCKS = YES;
				GCC_OPTIMIZATION_LEVEL = 0;
				GCC_PREPROCESSOR_DEFINITIONS = (
					"DEBUG=1",
					"$(inherited)",
				);
				GCC_WARN_64_TO_32_BIT_CONVERSION = YES;
				GCC_WARN_ABOUT_RETURN_TYPE = YES_ERROR;
				GCC_WARN_UNDECLARED_SELECTOR = YES;
				GCC_WARN_UNINITIALIZED_AUTOS = YES_AGGRESSIVE;
				GCC_WARN_UNUSED_FUNCTION = YES;
				GCC_WARN_UNUSED_VARIABLE = YES;
				IPHONEOS_DEPLOYMENT_TARGET = 15.0;
				MTL_ENABLE_DEBUG_INFO = INCLUDE_SOURCE;
				MTL_FAST_MATH = YES;
				ONLY_ACTIVE_ARCH = YES;
				PRODUCT_BUNDLE_IDENTIFIER = "";
				SDKROOT = iphoneos;
				SWIFT_ACTIVE_COMPILATION_CONDITIONS = DEBUG;
				SWIFT_OPTIMIZATION_LEVEL = "-Onone";
			};
			name = Debug;
		};
		F7B42E4D272217110058736D /* Release */ = {
			isa = XCBuildConfiguration;
			buildSettings = {
				ALWAYS_SEARCH_USER_PATHS = NO;
				ASSETCATALOG_COMPILER_STICKER_PACK_IDENTIFIER_PREFIX = "";
				CLANG_ANALYZER_NONNULL = YES;
				CLANG_ANALYZER_NUMBER_OBJECT_CONVERSION = YES_AGGRESSIVE;
				CLANG_CXX_LANGUAGE_STANDARD = "gnu++17";
				CLANG_CXX_LIBRARY = "libc++";
				CLANG_ENABLE_MODULES = YES;
				CLANG_ENABLE_OBJC_ARC = YES;
				CLANG_ENABLE_OBJC_WEAK = YES;
				CLANG_WARN_BLOCK_CAPTURE_AUTORELEASING = YES;
				CLANG_WARN_BOOL_CONVERSION = YES;
				CLANG_WARN_COMMA = YES;
				CLANG_WARN_CONSTANT_CONVERSION = YES;
				CLANG_WARN_DEPRECATED_OBJC_IMPLEMENTATIONS = YES;
				CLANG_WARN_DIRECT_OBJC_ISA_USAGE = YES_ERROR;
				CLANG_WARN_DOCUMENTATION_COMMENTS = YES;
				CLANG_WARN_EMPTY_BODY = YES;
				CLANG_WARN_ENUM_CONVERSION = YES;
				CLANG_WARN_INFINITE_RECURSION = YES;
				CLANG_WARN_INT_CONVERSION = YES;
				CLANG_WARN_NON_LITERAL_NULL_CONVERSION = YES;
				CLANG_WARN_OBJC_IMPLICIT_RETAIN_SELF = YES;
				CLANG_WARN_OBJC_LITERAL_CONVERSION = YES;
				CLANG_WARN_OBJC_ROOT_CLASS = YES_ERROR;
				CLANG_WARN_QUOTED_INCLUDE_IN_FRAMEWORK_HEADER = YES;
				CLANG_WARN_RANGE_LOOP_ANALYSIS = YES;
				CLANG_WARN_STRICT_PROTOTYPES = YES;
				CLANG_WARN_SUSPICIOUS_MOVE = YES;
				CLANG_WARN_UNGUARDED_AVAILABILITY = YES_AGGRESSIVE;
				CLANG_WARN_UNREACHABLE_CODE = YES;
				CLANG_WARN__DUPLICATE_METHOD_MATCH = YES;
				COPY_PHASE_STRIP = NO;
				DEBUG_INFORMATION_FORMAT = "dwarf-with-dsym";
				ENABLE_NS_ASSERTIONS = NO;
				ENABLE_STRICT_OBJC_MSGSEND = YES;
				GCC_C_LANGUAGE_STANDARD = gnu11;
				GCC_NO_COMMON_BLOCKS = YES;
				GCC_WARN_64_TO_32_BIT_CONVERSION = YES;
				GCC_WARN_ABOUT_RETURN_TYPE = YES_ERROR;
				GCC_WARN_UNDECLARED_SELECTOR = YES;
				GCC_WARN_UNINITIALIZED_AUTOS = YES_AGGRESSIVE;
				GCC_WARN_UNUSED_FUNCTION = YES;
				GCC_WARN_UNUSED_VARIABLE = YES;
				IPHONEOS_DEPLOYMENT_TARGET = 15.0;
				MTL_ENABLE_DEBUG_INFO = NO;
				MTL_FAST_MATH = YES;
				PRODUCT_BUNDLE_IDENTIFIER = "";
				SDKROOT = iphoneos;
				SWIFT_COMPILATION_MODE = wholemodule;
				SWIFT_OPTIMIZATION_LEVEL = "-O";
				VALIDATE_PRODUCT = YES;
			};
			name = Release;
		};
		F7B42E4F272217110058736D /* Debug */ = {
			isa = XCBuildConfiguration;
			buildSettings = {
				ALWAYS_EMBED_SWIFT_STANDARD_LIBRARIES = YES;
				ASSETCATALOG_COMPILER_APPICON_NAME = AppIcon;
				ASSETCATALOG_COMPILER_GLOBAL_ACCENT_COLOR_NAME = AccentColor;
				CODE_SIGN_ENTITLEMENTS = WeatherNow/WeatherNow.entitlements;
				CODE_SIGN_STYLE = Automatic;
				CURRENT_PROJECT_VERSION = 1;
				DEVELOPMENT_TEAM = 967Q89UR83;
				GENERATE_INFOPLIST_FILE = YES;
				INFOPLIST_FILE = WeatherNow/Info.plist;
				INFOPLIST_KEY_CFBundleDisplayName = WeatherNow;
				INFOPLIST_KEY_UIApplicationSupportsIndirectInputEvents = YES;
				INFOPLIST_KEY_UILaunchStoryboardName = LaunchScreen;
				INFOPLIST_KEY_UIMainStoryboardFile = Main;
				INFOPLIST_KEY_UISupportedInterfaceOrientations = "UIInterfaceOrientationLandscapeLeft UIInterfaceOrientationLandscapeRight UIInterfaceOrientationPortraitUpsideDown UIInterfaceOrientationPortrait";
				INFOPLIST_KEY_UISupportedInterfaceOrientations_iPad = "UIInterfaceOrientationPortrait UIInterfaceOrientationPortraitUpsideDown UIInterfaceOrientationLandscapeLeft UIInterfaceOrientationLandscapeRight";
				INFOPLIST_KEY_UISupportedInterfaceOrientations_iPhone = "UIInterfaceOrientationPortrait UIInterfaceOrientationLandscapeLeft UIInterfaceOrientationLandscapeRight";
				LD_RUNPATH_SEARCH_PATHS = (
					"$(inherited)",
					"@executable_path/Frameworks",
				);
				MARKETING_VERSION = 1.0;
				PRODUCT_BUNDLE_IDENTIFIER = weatherNowApp;
				PRODUCT_NAME = "$(TARGET_NAME)";
				SWIFT_EMIT_LOC_STRINGS = YES;
				SWIFT_VERSION = 5.0;
				TARGETED_DEVICE_FAMILY = "1,2";
			};
			name = Debug;
		};
		F7B42E50272217110058736D /* Release */ = {
			isa = XCBuildConfiguration;
			buildSettings = {
				ALWAYS_EMBED_SWIFT_STANDARD_LIBRARIES = YES;
				ASSETCATALOG_COMPILER_APPICON_NAME = AppIcon;
				ASSETCATALOG_COMPILER_GLOBAL_ACCENT_COLOR_NAME = AccentColor;
				CODE_SIGN_ENTITLEMENTS = WeatherNow/WeatherNow.entitlements;
				CODE_SIGN_STYLE = Automatic;
				CURRENT_PROJECT_VERSION = 1;
				DEVELOPMENT_TEAM = 967Q89UR83;
				GENERATE_INFOPLIST_FILE = YES;
				INFOPLIST_FILE = WeatherNow/Info.plist;
				INFOPLIST_KEY_CFBundleDisplayName = WeatherNow;
				INFOPLIST_KEY_UIApplicationSupportsIndirectInputEvents = YES;
				INFOPLIST_KEY_UILaunchStoryboardName = LaunchScreen;
				INFOPLIST_KEY_UIMainStoryboardFile = Main;
				INFOPLIST_KEY_UISupportedInterfaceOrientations = "UIInterfaceOrientationLandscapeLeft UIInterfaceOrientationLandscapeRight UIInterfaceOrientationPortraitUpsideDown UIInterfaceOrientationPortrait";
				INFOPLIST_KEY_UISupportedInterfaceOrientations_iPad = "UIInterfaceOrientationPortrait UIInterfaceOrientationPortraitUpsideDown UIInterfaceOrientationLandscapeLeft UIInterfaceOrientationLandscapeRight";
				INFOPLIST_KEY_UISupportedInterfaceOrientations_iPhone = "UIInterfaceOrientationPortrait UIInterfaceOrientationLandscapeLeft UIInterfaceOrientationLandscapeRight";
				LD_RUNPATH_SEARCH_PATHS = (
					"$(inherited)",
					"@executable_path/Frameworks",
				);
				MARKETING_VERSION = 1.0;
				PRODUCT_BUNDLE_IDENTIFIER = weatherNowApp;
				PRODUCT_NAME = "$(TARGET_NAME)";
				SWIFT_EMIT_LOC_STRINGS = YES;
				SWIFT_VERSION = 5.0;
				TARGETED_DEVICE_FAMILY = "1,2";
			};
			name = Release;
		};
		F7C8BF61274137AD000F59D6 /* Debug */ = {
			isa = XCBuildConfiguration;
			buildSettings = {
				ALWAYS_EMBED_SWIFT_STANDARD_LIBRARIES = YES;
				ASSETCATALOG_COMPILER_APPICON_NAME = AppIcon;
				ASSETCATALOG_COMPILER_GLOBAL_ACCENT_COLOR_NAME = AccentColor;
				CODE_SIGN_ENTITLEMENTS = WeatherNowWatch/WeatherNowWatch.entitlements;
				CODE_SIGN_STYLE = Automatic;
				CURRENT_PROJECT_VERSION = 1;
				DEVELOPMENT_TEAM = 967Q89UR83;
				GENERATE_INFOPLIST_FILE = YES;
				IBSC_MODULE = WeatherNowWatch_WatchKit_Extension;
				INFOPLIST_KEY_CFBundleDisplayName = WeatherNowWatch;
				INFOPLIST_KEY_UISupportedInterfaceOrientations = "UIInterfaceOrientationPortrait UIInterfaceOrientationPortraitUpsideDown";
				INFOPLIST_KEY_WKCompanionAppBundleIdentifier = weatherNowApp;
				MARKETING_VERSION = 1.0;
				PRODUCT_BUNDLE_IDENTIFIER = weatherNowApp.watchapplication;
				PRODUCT_NAME = "$(TARGET_NAME)";
				SDKROOT = watchos;
				SKIP_INSTALL = YES;
				SWIFT_EMIT_LOC_STRINGS = YES;
				SWIFT_VERSION = 5.0;
				TARGETED_DEVICE_FAMILY = 4;
				WATCHOS_DEPLOYMENT_TARGET = 8.0;
			};
			name = Debug;
		};
		F7C8BF62274137AD000F59D6 /* Release */ = {
			isa = XCBuildConfiguration;
			buildSettings = {
				ALWAYS_EMBED_SWIFT_STANDARD_LIBRARIES = YES;
				ASSETCATALOG_COMPILER_APPICON_NAME = AppIcon;
				ASSETCATALOG_COMPILER_GLOBAL_ACCENT_COLOR_NAME = AccentColor;
				CODE_SIGN_ENTITLEMENTS = WeatherNowWatch/WeatherNowWatch.entitlements;
				CODE_SIGN_STYLE = Automatic;
				CURRENT_PROJECT_VERSION = 1;
				DEVELOPMENT_TEAM = 967Q89UR83;
				GENERATE_INFOPLIST_FILE = YES;
				IBSC_MODULE = WeatherNowWatch_WatchKit_Extension;
				INFOPLIST_KEY_CFBundleDisplayName = WeatherNowWatch;
				INFOPLIST_KEY_UISupportedInterfaceOrientations = "UIInterfaceOrientationPortrait UIInterfaceOrientationPortraitUpsideDown";
				INFOPLIST_KEY_WKCompanionAppBundleIdentifier = weatherNowApp;
				MARKETING_VERSION = 1.0;
				PRODUCT_BUNDLE_IDENTIFIER = weatherNowApp.watchapplication;
				PRODUCT_NAME = "$(TARGET_NAME)";
				SDKROOT = watchos;
				SKIP_INSTALL = YES;
				SWIFT_EMIT_LOC_STRINGS = YES;
				SWIFT_VERSION = 5.0;
				TARGETED_DEVICE_FAMILY = 4;
				WATCHOS_DEPLOYMENT_TARGET = 8.0;
			};
			name = Release;
		};
		F7C8BF64274137AD000F59D6 /* Debug */ = {
			isa = XCBuildConfiguration;
			buildSettings = {
				ASSETCATALOG_COMPILER_COMPLICATION_NAME = Complication;
				CODE_SIGN_STYLE = Automatic;
				CURRENT_PROJECT_VERSION = 1;
				DEVELOPMENT_TEAM = 967Q89UR83;
				GENERATE_INFOPLIST_FILE = YES;
				INFOPLIST_FILE = "WeatherNowWatch WatchKit Extension/Info.plist";
				INFOPLIST_KEY_CFBundleDisplayName = WeatherNowWatchExtension;
				INFOPLIST_KEY_CLKComplicationPrincipalClass = WeatherNowWatch_WatchKit_Extension.ComplicationController;
				INFOPLIST_KEY_NSHumanReadableCopyright = "";
				INFOPLIST_KEY_WKExtensionDelegateClassName = WeatherNowWatch_WatchKit_Extension.ExtensionDelegate;
				LD_RUNPATH_SEARCH_PATHS = (
					"$(inherited)",
					"@executable_path/Frameworks",
					"@executable_path/../../Frameworks",
				);
				MARKETING_VERSION = 1.0;
				PRODUCT_BUNDLE_IDENTIFIER = weatherNowApp.watchapplication.extention;
				PRODUCT_NAME = "${TARGET_NAME}";
				SDKROOT = watchos;
				SKIP_INSTALL = YES;
				SWIFT_EMIT_LOC_STRINGS = YES;
				SWIFT_VERSION = 5.0;
				TARGETED_DEVICE_FAMILY = 4;
				WATCHOS_DEPLOYMENT_TARGET = 8.0;
			};
			name = Debug;
		};
		F7C8BF65274137AD000F59D6 /* Release */ = {
			isa = XCBuildConfiguration;
			buildSettings = {
				ASSETCATALOG_COMPILER_COMPLICATION_NAME = Complication;
				CODE_SIGN_STYLE = Automatic;
				CURRENT_PROJECT_VERSION = 1;
				DEVELOPMENT_TEAM = 967Q89UR83;
				GENERATE_INFOPLIST_FILE = YES;
				INFOPLIST_FILE = "WeatherNowWatch WatchKit Extension/Info.plist";
				INFOPLIST_KEY_CFBundleDisplayName = WeatherNowWatchExtension;
				INFOPLIST_KEY_CLKComplicationPrincipalClass = WeatherNowWatch_WatchKit_Extension.ComplicationController;
				INFOPLIST_KEY_NSHumanReadableCopyright = "";
				INFOPLIST_KEY_WKExtensionDelegateClassName = WeatherNowWatch_WatchKit_Extension.ExtensionDelegate;
				LD_RUNPATH_SEARCH_PATHS = (
					"$(inherited)",
					"@executable_path/Frameworks",
					"@executable_path/../../Frameworks",
				);
				MARKETING_VERSION = 1.0;
				PRODUCT_BUNDLE_IDENTIFIER = weatherNowApp.watchapplication.extention;
				PRODUCT_NAME = "${TARGET_NAME}";
				SDKROOT = watchos;
				SKIP_INSTALL = YES;
				SWIFT_EMIT_LOC_STRINGS = YES;
				SWIFT_VERSION = 5.0;
				TARGETED_DEVICE_FAMILY = 4;
				WATCHOS_DEPLOYMENT_TARGET = 8.0;
			};
			name = Release;
		};
/* End XCBuildConfiguration section */

/* Begin XCConfigurationList section */
		F700E89C2755025100ADB62A /* Build configuration list for PBXNativeTarget "WeatherNowWidgetExtension" */ = {
			isa = XCConfigurationList;
			buildConfigurations = (
				F700E89D2755025100ADB62A /* Debug */,
				F700E89E2755025100ADB62A /* Release */,
			);
			defaultConfigurationIsVisible = 0;
			defaultConfigurationName = Release;
		};
		F7B42E352722170C0058736D /* Build configuration list for PBXProject "WeatherNow" */ = {
			isa = XCConfigurationList;
			buildConfigurations = (
				F7B42E4C272217110058736D /* Debug */,
				F7B42E4D272217110058736D /* Release */,
			);
			defaultConfigurationIsVisible = 0;
			defaultConfigurationName = Release;
		};
		F7B42E4E272217110058736D /* Build configuration list for PBXNativeTarget "WeatherNow" */ = {
			isa = XCConfigurationList;
			buildConfigurations = (
				F7B42E4F272217110058736D /* Debug */,
				F7B42E50272217110058736D /* Release */,
			);
			defaultConfigurationIsVisible = 0;
			defaultConfigurationName = Release;
		};
		F7C8BF66274137AD000F59D6 /* Build configuration list for PBXNativeTarget "WeatherNowWatch WatchKit Extension" */ = {
			isa = XCConfigurationList;
			buildConfigurations = (
				F7C8BF64274137AD000F59D6 /* Debug */,
				F7C8BF65274137AD000F59D6 /* Release */,
			);
			defaultConfigurationIsVisible = 0;
			defaultConfigurationName = Release;
		};
		F7C8BF67274137AD000F59D6 /* Build configuration list for PBXNativeTarget "WeatherNowWatch" */ = {
			isa = XCConfigurationList;
			buildConfigurations = (
				F7C8BF61274137AD000F59D6 /* Debug */,
				F7C8BF62274137AD000F59D6 /* Release */,
			);
			defaultConfigurationIsVisible = 0;
			defaultConfigurationName = Release;
		};
/* End XCConfigurationList section */

/* Begin XCRemoteSwiftPackageReference section */
		F7D4D89F273EF1B300A99E98 /* XCRemoteSwiftPackageReference "Reachability" */ = {
			isa = XCRemoteSwiftPackageReference;
			repositoryURL = "https://github.com/ashleymills/Reachability.swift";
			requirement = {
				kind = upToNextMajorVersion;
				minimumVersion = 5.0.0;
			};
		};
/* End XCRemoteSwiftPackageReference section */

/* Begin XCSwiftPackageProductDependency section */
		F7D4D8A0273EF1B300A99E98 /* Reachability */ = {
			isa = XCSwiftPackageProductDependency;
			package = F7D4D89F273EF1B300A99E98 /* XCRemoteSwiftPackageReference "Reachability" */;
			productName = Reachability;
		};
/* End XCSwiftPackageProductDependency section */
	};
	rootObject = F7B42E322722170C0058736D /* Project object */;
}
