// !$*UTF8*$!
{
	archiveVersion = 1;
	classes = {
	};
	objectVersion = 55;
	objects = {

/* Begin PBXBuildFile section */
		CA6F34DA2726B1DC00DC4D8F /* Extension.swift in Sources */ = {isa = PBXBuildFile; fileRef = CA6F34D92726B1DC00DC4D8F /* Extension.swift */; };
		F75CB279272EA7DD00E51453 /* SearchLocationModel.swift in Sources */ = {isa = PBXBuildFile; fileRef = F75CB278272EA7DD00E51453 /* SearchLocationModel.swift */; };
		F7B42E3E2722170C0058736D /* AppDelegate.swift in Sources */ = {isa = PBXBuildFile; fileRef = F7B42E3D2722170C0058736D /* AppDelegate.swift */; };
		F7B42E402722170C0058736D /* SceneDelegate.swift in Sources */ = {isa = PBXBuildFile; fileRef = F7B42E3F2722170C0058736D /* SceneDelegate.swift */; };
		F7B42E422722170C0058736D /* WeatherViewController.swift in Sources */ = {isa = PBXBuildFile; fileRef = F7B42E412722170C0058736D /* WeatherViewController.swift */; };
		F7B42E452722170C0058736D /* Main.storyboard in Resources */ = {isa = PBXBuildFile; fileRef = F7B42E432722170C0058736D /* Main.storyboard */; };
		F7B42E47272217110058736D /* Assets.xcassets in Resources */ = {isa = PBXBuildFile; fileRef = F7B42E46272217110058736D /* Assets.xcassets */; };
		F7B42E4A272217110058736D /* LaunchScreen.storyboard in Resources */ = {isa = PBXBuildFile; fileRef = F7B42E48272217110058736D /* LaunchScreen.storyboard */; };
		F7B42E522722176E0058736D /* SearchViewController.swift in Sources */ = {isa = PBXBuildFile; fileRef = F7B42E512722176E0058736D /* SearchViewController.swift */; };
		F7B42E542722179D0058736D /* WeatherModel.swift in Sources */ = {isa = PBXBuildFile; fileRef = F7B42E532722179D0058736D /* WeatherModel.swift */; };
		F7B42E57272217C80058736D /* TableViewCell.swift in Sources */ = {isa = PBXBuildFile; fileRef = F7B42E55272217C80058736D /* TableViewCell.swift */; };
		F7B42E58272217C80058736D /* TableViewCell.xib in Resources */ = {isa = PBXBuildFile; fileRef = F7B42E56272217C80058736D /* TableViewCell.xib */; };
		F7D4D8A1273EF1B300A99E98 /* Reachability in Frameworks */ = {isa = PBXBuildFile; productRef = F7D4D8A0273EF1B300A99E98 /* Reachability */; };
		F7D78EEE273A9CD600E1E1EA /* MarqueeLabel.swift in Sources */ = {isa = PBXBuildFile; fileRef = F7D78EED273A9CD600E1E1EA /* MarqueeLabel.swift */; };
		F7D78EF1273A9E5200E1E1EA /* QuartzCore.framework in Frameworks */ = {isa = PBXBuildFile; fileRef = F7D78EF0273A9E5200E1E1EA /* QuartzCore.framework */; };
/* End PBXBuildFile section */

/* Begin PBXFileReference section */
		CA6F34D92726B1DC00DC4D8F /* Extension.swift */ = {isa = PBXFileReference; lastKnownFileType = sourcecode.swift; path = Extension.swift; sourceTree = "<group>"; };
		F75CB278272EA7DD00E51453 /* SearchLocationModel.swift */ = {isa = PBXFileReference; lastKnownFileType = sourcecode.swift; path = SearchLocationModel.swift; sourceTree = "<group>"; };
		F7B42E3A2722170C0058736D /* WeatherNow.app */ = {isa = PBXFileReference; explicitFileType = wrapper.application; includeInIndex = 0; path = WeatherNow.app; sourceTree = BUILT_PRODUCTS_DIR; };
		F7B42E3D2722170C0058736D /* AppDelegate.swift */ = {isa = PBXFileReference; lastKnownFileType = sourcecode.swift; path = AppDelegate.swift; sourceTree = "<group>"; };
		F7B42E3F2722170C0058736D /* SceneDelegate.swift */ = {isa = PBXFileReference; lastKnownFileType = sourcecode.swift; path = SceneDelegate.swift; sourceTree = "<group>"; };
		F7B42E412722170C0058736D /* WeatherViewController.swift */ = {isa = PBXFileReference; lastKnownFileType = sourcecode.swift; path = WeatherViewController.swift; sourceTree = "<group>"; };
		F7B42E442722170C0058736D /* Base */ = {isa = PBXFileReference; lastKnownFileType = file.storyboard; name = Base; path = Base.lproj/Main.storyboard; sourceTree = "<group>"; };
		F7B42E46272217110058736D /* Assets.xcassets */ = {isa = PBXFileReference; lastKnownFileType = folder.assetcatalog; path = Assets.xcassets; sourceTree = "<group>"; };
		F7B42E49272217110058736D /* Base */ = {isa = PBXFileReference; lastKnownFileType = file.storyboard; name = Base; path = Base.lproj/LaunchScreen.storyboard; sourceTree = "<group>"; };
		F7B42E4B272217110058736D /* Info.plist */ = {isa = PBXFileReference; lastKnownFileType = text.plist.xml; path = Info.plist; sourceTree = "<group>"; };
		F7B42E512722176E0058736D /* SearchViewController.swift */ = {isa = PBXFileReference; lastKnownFileType = sourcecode.swift; path = SearchViewController.swift; sourceTree = "<group>"; };
		F7B42E532722179D0058736D /* WeatherModel.swift */ = {isa = PBXFileReference; lastKnownFileType = sourcecode.swift; path = WeatherModel.swift; sourceTree = "<group>"; };
		F7B42E55272217C80058736D /* TableViewCell.swift */ = {isa = PBXFileReference; lastKnownFileType = sourcecode.swift; path = TableViewCell.swift; sourceTree = "<group>"; };
		F7B42E56272217C80058736D /* TableViewCell.xib */ = {isa = PBXFileReference; lastKnownFileType = file.xib; path = TableViewCell.xib; sourceTree = "<group>"; };
		F7D78EED273A9CD600E1E1EA /* MarqueeLabel.swift */ = {isa = PBXFileReference; fileEncoding = 4; lastKnownFileType = sourcecode.swift; path = MarqueeLabel.swift; sourceTree = "<group>"; };
		F7D78EF0273A9E5200E1E1EA /* QuartzCore.framework */ = {isa = PBXFileReference; lastKnownFileType = wrapper.framework; name = QuartzCore.framework; path = System/Library/Frameworks/QuartzCore.framework; sourceTree = SDKROOT; };
/* End PBXFileReference section */

/* Begin PBXFrameworksBuildPhase section */
		F7B42E372722170C0058736D /* Frameworks */ = {
			isa = PBXFrameworksBuildPhase;
			buildActionMask = 2147483647;
			files = (
				F7D78EF1273A9E5200E1E1EA /* QuartzCore.framework in Frameworks */,
				F7D4D8A1273EF1B300A99E98 /* Reachability in Frameworks */,
			);
			runOnlyForDeploymentPostprocessing = 0;
		};
/* End PBXFrameworksBuildPhase section */

/* Begin PBXGroup section */
		F7A0AE982735C06B0009BD2B /* ViewControllers */ = {
			isa = PBXGroup;
			children = (
				F7B42E512722176E0058736D /* SearchViewController.swift */,
				F7B42E412722170C0058736D /* WeatherViewController.swift */,
			);
			path = ViewControllers;
			sourceTree = "<group>";
		};
		F7A0AE992735C0880009BD2B /* NetworkModel */ = {
			isa = PBXGroup;
			children = (
				F7B42E532722179D0058736D /* WeatherModel.swift */,
				F75CB278272EA7DD00E51453 /* SearchLocationModel.swift */,
			);
			path = NetworkModel;
			sourceTree = "<group>";
		};
		F7A0AE9A2735C0A10009BD2B /* TableViewCustomCell */ = {
			isa = PBXGroup;
			children = (
				F7B42E55272217C80058736D /* TableViewCell.swift */,
				F7B42E56272217C80058736D /* TableViewCell.xib */,
			);
			path = TableViewCustomCell;
			sourceTree = "<group>";
		};
		F7A0AE9B2735C0B10009BD2B /* Extension */ = {
			isa = PBXGroup;
			children = (
				F7D78EED273A9CD600E1E1EA /* MarqueeLabel.swift */,
				CA6F34D92726B1DC00DC4D8F /* Extension.swift */,
			);
			path = Extension;
			sourceTree = "<group>";
		};
		F7A0AE9C2735C0C00009BD2B /* Storyboard */ = {
			isa = PBXGroup;
			children = (
				F7B42E432722170C0058736D /* Main.storyboard */,
			);
			path = Storyboard;
			sourceTree = "<group>";
		};
		F7B42E312722170C0058736D = {
			isa = PBXGroup;
			children = (
				F7B42E3C2722170C0058736D /* WeatherNow */,
				F7B42E3B2722170C0058736D /* Products */,
				F7D78EEF273A9E5200E1E1EA /* Frameworks */,
			);
			sourceTree = "<group>";
		};
		F7B42E3B2722170C0058736D /* Products */ = {
			isa = PBXGroup;
			children = (
				F7B42E3A2722170C0058736D /* WeatherNow.app */,
			);
			name = Products;
			sourceTree = "<group>";
		};
		F7B42E3C2722170C0058736D /* WeatherNow */ = {
			isa = PBXGroup;
			children = (
				F7B42E3D2722170C0058736D /* AppDelegate.swift */,
				F7B42E3F2722170C0058736D /* SceneDelegate.swift */,
				F7A0AE992735C0880009BD2B /* NetworkModel */,
				F7A0AE982735C06B0009BD2B /* ViewControllers */,
				F7A0AE9A2735C0A10009BD2B /* TableViewCustomCell */,
				F7A0AE9C2735C0C00009BD2B /* Storyboard */,
				F7A0AE9B2735C0B10009BD2B /* Extension */,
				F7B42E46272217110058736D /* Assets.xcassets */,
				F7B42E48272217110058736D /* LaunchScreen.storyboard */,
				F7B42E4B272217110058736D /* Info.plist */,
			);
			path = WeatherNow;
			sourceTree = "<group>";
		};
		F7D78EEF273A9E5200E1E1EA /* Frameworks */ = {
			isa = PBXGroup;
			children = (
				F7D78EF0273A9E5200E1E1EA /* QuartzCore.framework */,
			);
			name = Frameworks;
			sourceTree = "<group>";
		};
/* End PBXGroup section */

/* Begin PBXNativeTarget section */
		F7B42E392722170C0058736D /* WeatherNow */ = {
			isa = PBXNativeTarget;
			buildConfigurationList = F7B42E4E272217110058736D /* Build configuration list for PBXNativeTarget "WeatherNow" */;
			buildPhases = (
				F7B42E362722170C0058736D /* Sources */,
				F7B42E372722170C0058736D /* Frameworks */,
				F7B42E382722170C0058736D /* Resources */,
			);
			buildRules = (
			);
			dependencies = (
			);
			name = WeatherNow;
			packageProductDependencies = (
				F7D4D8A0273EF1B300A99E98 /* Reachability */,
			);
			productName = WeatherNow;
			productReference = F7B42E3A2722170C0058736D /* WeatherNow.app */;
			productType = "com.apple.product-type.application";
		};
/* End PBXNativeTarget section */

/* Begin PBXProject section */
		F7B42E322722170C0058736D /* Project object */ = {
			isa = PBXProject;
			attributes = {
				BuildIndependentTargetsInParallel = 1;
				LastSwiftUpdateCheck = 1300;
				LastUpgradeCheck = 1300;
				TargetAttributes = {
					F7B42E392722170C0058736D = {
						CreatedOnToolsVersion = 13.0;
					};
				};
			};
			buildConfigurationList = F7B42E352722170C0058736D /* Build configuration list for PBXProject "WeatherNow" */;
			compatibilityVersion = "Xcode 13.0";
			developmentRegion = en;
			hasScannedForEncodings = 0;
			knownRegions = (
				en,
				Base,
			);
			mainGroup = F7B42E312722170C0058736D;
			packageReferences = (
				F7D4D89F273EF1B300A99E98 /* XCRemoteSwiftPackageReference "Reachability" */,
			);
			productRefGroup = F7B42E3B2722170C0058736D /* Products */;
			projectDirPath = "";
			projectRoot = "";
			targets = (
				F7B42E392722170C0058736D /* WeatherNow */,
			);
		};
/* End PBXProject section */

/* Begin PBXResourcesBuildPhase section */
		F7B42E382722170C0058736D /* Resources */ = {
			isa = PBXResourcesBuildPhase;
			buildActionMask = 2147483647;
			files = (
				F7B42E4A272217110058736D /* LaunchScreen.storyboard in Resources */,
				F7B42E58272217C80058736D /* TableViewCell.xib in Resources */,
				F7B42E47272217110058736D /* Assets.xcassets in Resources */,
				F7B42E452722170C0058736D /* Main.storyboard in Resources */,
			);
			runOnlyForDeploymentPostprocessing = 0;
		};
/* End PBXResourcesBuildPhase section */

/* Begin PBXSourcesBuildPhase section */
		F7B42E362722170C0058736D /* Sources */ = {
			isa = PBXSourcesBuildPhase;
			buildActionMask = 2147483647;
			files = (
				F7D78EEE273A9CD600E1E1EA /* MarqueeLabel.swift in Sources */,
				F7B42E422722170C0058736D /* WeatherViewController.swift in Sources */,
				F7B42E3E2722170C0058736D /* AppDelegate.swift in Sources */,
				CA6F34DA2726B1DC00DC4D8F /* Extension.swift in Sources */,
				F7B42E522722176E0058736D /* SearchViewController.swift in Sources */,
				F75CB279272EA7DD00E51453 /* SearchLocationModel.swift in Sources */,
				F7B42E57272217C80058736D /* TableViewCell.swift in Sources */,
				F7B42E402722170C0058736D /* SceneDelegate.swift in Sources */,
				F7B42E542722179D0058736D /* WeatherModel.swift in Sources */,
			);
			runOnlyForDeploymentPostprocessing = 0;
		};
/* End PBXSourcesBuildPhase section */

/* Begin PBXVariantGroup section */
		F7B42E432722170C0058736D /* Main.storyboard */ = {
			isa = PBXVariantGroup;
			children = (
				F7B42E442722170C0058736D /* Base */,
			);
			name = Main.storyboard;
			sourceTree = "<group>";
		};
		F7B42E48272217110058736D /* LaunchScreen.storyboard */ = {
			isa = PBXVariantGroup;
			children = (
				F7B42E49272217110058736D /* Base */,
			);
			name = LaunchScreen.storyboard;
			sourceTree = "<group>";
		};
/* End PBXVariantGroup section */

/* Begin XCBuildConfiguration section */
		F7B42E4C272217110058736D /* Debug */ = {
			isa = XCBuildConfiguration;
			buildSettings = {
				ALWAYS_SEARCH_USER_PATHS = NO;
				CLANG_ANALYZER_NONNULL = YES;
				CLANG_ANALYZER_NUMBER_OBJECT_CONVERSION = YES_AGGRESSIVE;
				CLANG_CXX_LANGUAGE_STANDARD = "gnu++17";
				CLANG_CXX_LIBRARY = "libc++";
				CLANG_ENABLE_MODULES = YES;
				CLANG_ENABLE_OBJC_ARC = YES;
				CLANG_ENABLE_OBJC_WEAK = YES;
				CLANG_WARN_BLOCK_CAPTURE_AUTORELEASING = YES;
				CLANG_WARN_BOOL_CONVERSION = YES;
				CLANG_WARN_COMMA = YES;
				CLANG_WARN_CONSTANT_CONVERSION = YES;
				CLANG_WARN_DEPRECATED_OBJC_IMPLEMENTATIONS = YES;
				CLANG_WARN_DIRECT_OBJC_ISA_USAGE = YES_ERROR;
				CLANG_WARN_DOCUMENTATION_COMMENTS = YES;
				CLANG_WARN_EMPTY_BODY = YES;
				CLANG_WARN_ENUM_CONVERSION = YES;
				CLANG_WARN_INFINITE_RECURSION = YES;
				CLANG_WARN_INT_CONVERSION = YES;
				CLANG_WARN_NON_LITERAL_NULL_CONVERSION = YES;
				CLANG_WARN_OBJC_IMPLICIT_RETAIN_SELF = YES;
				CLANG_WARN_OBJC_LITERAL_CONVERSION = YES;
				CLANG_WARN_OBJC_ROOT_CLASS = YES_ERROR;
				CLANG_WARN_QUOTED_INCLUDE_IN_FRAMEWORK_HEADER = YES;
				CLANG_WARN_RANGE_LOOP_ANALYSIS = YES;
				CLANG_WARN_STRICT_PROTOTYPES = YES;
				CLANG_WARN_SUSPICIOUS_MOVE = YES;
				CLANG_WARN_UNGUARDED_AVAILABILITY = YES_AGGRESSIVE;
				CLANG_WARN_UNREACHABLE_CODE = YES;
				CLANG_WARN__DUPLICATE_METHOD_MATCH = YES;
				COPY_PHASE_STRIP = NO;
				DEBUG_INFORMATION_FORMAT = dwarf;
				ENABLE_STRICT_OBJC_MSGSEND = YES;
				ENABLE_TESTABILITY = YES;
				GCC_C_LANGUAGE_STANDARD = gnu11;
				GCC_DYNAMIC_NO_PIC = NO;
				GCC_NO_COMMON_BLOCKS = YES;
				GCC_OPTIMIZATION_LEVEL = 0;
				GCC_PREPROCESSOR_DEFINITIONS = (
					"DEBUG=1",
					"$(inherited)",
				);
				GCC_WARN_64_TO_32_BIT_CONVERSION = YES;
				GCC_WARN_ABOUT_RETURN_TYPE = YES_ERROR;
				GCC_WARN_UNDECLARED_SELECTOR = YES;
				GCC_WARN_UNINITIALIZED_AUTOS = YES_AGGRESSIVE;
				GCC_WARN_UNUSED_FUNCTION = YES;
				GCC_WARN_UNUSED_VARIABLE = YES;
				IPHONEOS_DEPLOYMENT_TARGET = 15.0;
				MTL_ENABLE_DEBUG_INFO = INCLUDE_SOURCE;
				MTL_FAST_MATH = YES;
				ONLY_ACTIVE_ARCH = YES;
				SDKROOT = iphoneos;
				SWIFT_ACTIVE_COMPILATION_CONDITIONS = DEBUG;
				SWIFT_OPTIMIZATION_LEVEL = "-Onone";
			};
			name = Debug;
		};
		F7B42E4D272217110058736D /* Release */ = {
			isa = XCBuildConfiguration;
			buildSettings = {
				ALWAYS_SEARCH_USER_PATHS = NO;
				CLANG_ANALYZER_NONNULL = YES;
				CLANG_ANALYZER_NUMBER_OBJECT_CONVERSION = YES_AGGRESSIVE;
				CLANG_CXX_LANGUAGE_STANDARD = "gnu++17";
				CLANG_CXX_LIBRARY = "libc++";
				CLANG_ENABLE_MODULES = YES;
				CLANG_ENABLE_OBJC_ARC = YES;
				CLANG_ENABLE_OBJC_WEAK = YES;
				CLANG_WARN_BLOCK_CAPTURE_AUTORELEASING = YES;
				CLANG_WARN_BOOL_CONVERSION = YES;
				CLANG_WARN_COMMA = YES;
				CLANG_WARN_CONSTANT_CONVERSION = YES;
				CLANG_WARN_DEPRECATED_OBJC_IMPLEMENTATIONS = YES;
				CLANG_WARN_DIRECT_OBJC_ISA_USAGE = YES_ERROR;
				CLANG_WARN_DOCUMENTATION_COMMENTS = YES;
				CLANG_WARN_EMPTY_BODY = YES;
				CLANG_WARN_ENUM_CONVERSION = YES;
				CLANG_WARN_INFINITE_RECURSION = YES;
				CLANG_WARN_INT_CONVERSION = YES;
				CLANG_WARN_NON_LITERAL_NULL_CONVERSION = YES;
				CLANG_WARN_OBJC_IMPLICIT_RETAIN_SELF = YES;
				CLANG_WARN_OBJC_LITERAL_CONVERSION = YES;
				CLANG_WARN_OBJC_ROOT_CLASS = YES_ERROR;
				CLANG_WARN_QUOTED_INCLUDE_IN_FRAMEWORK_HEADER = YES;
				CLANG_WARN_RANGE_LOOP_ANALYSIS = YES;
				CLANG_WARN_STRICT_PROTOTYPES = YES;
				CLANG_WARN_SUSPICIOUS_MOVE = YES;
				CLANG_WARN_UNGUARDED_AVAILABILITY = YES_AGGRESSIVE;
				CLANG_WARN_UNREACHABLE_CODE = YES;
				CLANG_WARN__DUPLICATE_METHOD_MATCH = YES;
				COPY_PHASE_STRIP = NO;
				DEBUG_INFORMATION_FORMAT = "dwarf-with-dsym";
				ENABLE_NS_ASSERTIONS = NO;
				ENABLE_STRICT_OBJC_MSGSEND = YES;
				GCC_C_LANGUAGE_STANDARD = gnu11;
				GCC_NO_COMMON_BLOCKS = YES;
				GCC_WARN_64_TO_32_BIT_CONVERSION = YES;
				GCC_WARN_ABOUT_RETURN_TYPE = YES_ERROR;
				GCC_WARN_UNDECLARED_SELECTOR = YES;
				GCC_WARN_UNINITIALIZED_AUTOS = YES_AGGRESSIVE;
				GCC_WARN_UNUSED_FUNCTION = YES;
				GCC_WARN_UNUSED_VARIABLE = YES;
				IPHONEOS_DEPLOYMENT_TARGET = 15.0;
				MTL_ENABLE_DEBUG_INFO = NO;
				MTL_FAST_MATH = YES;
				SDKROOT = iphoneos;
				SWIFT_COMPILATION_MODE = wholemodule;
				SWIFT_OPTIMIZATION_LEVEL = "-O";
				VALIDATE_PRODUCT = YES;
			};
			name = Release;
		};
		F7B42E4F272217110058736D /* Debug */ = {
			isa = XCBuildConfiguration;
			buildSettings = {
				ASSETCATALOG_COMPILER_APPICON_NAME = AppIcon;
				ASSETCATALOG_COMPILER_GLOBAL_ACCENT_COLOR_NAME = AccentColor;
				CODE_SIGN_STYLE = Automatic;
				CURRENT_PROJECT_VERSION = 1;
				DEVELOPMENT_TEAM = 967Q89UR83;
				GENERATE_INFOPLIST_FILE = YES;
				INFOPLIST_FILE = WeatherNow/Info.plist;
				INFOPLIST_KEY_UIApplicationSupportsIndirectInputEvents = YES;
				INFOPLIST_KEY_UILaunchStoryboardName = LaunchScreen;
				INFOPLIST_KEY_UIMainStoryboardFile = Main;
				INFOPLIST_KEY_UISupportedInterfaceOrientations = "UIInterfaceOrientationLandscapeLeft UIInterfaceOrientationLandscapeRight UIInterfaceOrientationPortraitUpsideDown UIInterfaceOrientationPortrait";
				INFOPLIST_KEY_UISupportedInterfaceOrientations_iPad = "UIInterfaceOrientationPortrait UIInterfaceOrientationPortraitUpsideDown UIInterfaceOrientationLandscapeLeft UIInterfaceOrientationLandscapeRight";
				INFOPLIST_KEY_UISupportedInterfaceOrientations_iPhone = "UIInterfaceOrientationPortrait UIInterfaceOrientationLandscapeLeft UIInterfaceOrientationLandscapeRight";
				LD_RUNPATH_SEARCH_PATHS = (
					"$(inherited)",
					"@executable_path/Frameworks",
				);
				MARKETING_VERSION = 1.0;
				PRODUCT_BUNDLE_IDENTIFIER = WeatherNow.WeatherNow;
				PRODUCT_NAME = "$(TARGET_NAME)";
				SWIFT_EMIT_LOC_STRINGS = YES;
				SWIFT_VERSION = 5.0;
				TARGETED_DEVICE_FAMILY = "1,2";
			};
			name = Debug;
		};
		F7B42E50272217110058736D /* Release */ = {
			isa = XCBuildConfiguration;
			buildSettings = {
				ASSETCATALOG_COMPILER_APPICON_NAME = AppIcon;
				ASSETCATALOG_COMPILER_GLOBAL_ACCENT_COLOR_NAME = AccentColor;
				CODE_SIGN_STYLE = Automatic;
				CURRENT_PROJECT_VERSION = 1;
				DEVELOPMENT_TEAM = 967Q89UR83;
				GENERATE_INFOPLIST_FILE = YES;
				INFOPLIST_FILE = WeatherNow/Info.plist;
				INFOPLIST_KEY_UIApplicationSupportsIndirectInputEvents = YES;
				INFOPLIST_KEY_UILaunchStoryboardName = LaunchScreen;
				INFOPLIST_KEY_UIMainStoryboardFile = Main;
				INFOPLIST_KEY_UISupportedInterfaceOrientations = "UIInterfaceOrientationLandscapeLeft UIInterfaceOrientationLandscapeRight UIInterfaceOrientationPortraitUpsideDown UIInterfaceOrientationPortrait";
				INFOPLIST_KEY_UISupportedInterfaceOrientations_iPad = "UIInterfaceOrientationPortrait UIInterfaceOrientationPortraitUpsideDown UIInterfaceOrientationLandscapeLeft UIInterfaceOrientationLandscapeRight";
				INFOPLIST_KEY_UISupportedInterfaceOrientations_iPhone = "UIInterfaceOrientationPortrait UIInterfaceOrientationLandscapeLeft UIInterfaceOrientationLandscapeRight";
				LD_RUNPATH_SEARCH_PATHS = (
					"$(inherited)",
					"@executable_path/Frameworks",
				);
				MARKETING_VERSION = 1.0;
				PRODUCT_BUNDLE_IDENTIFIER = WeatherNow.WeatherNow;
				PRODUCT_NAME = "$(TARGET_NAME)";
				SWIFT_EMIT_LOC_STRINGS = YES;
				SWIFT_VERSION = 5.0;
				TARGETED_DEVICE_FAMILY = "1,2";
			};
			name = Release;
		};
/* End XCBuildConfiguration section */

/* Begin XCConfigurationList section */
		F7B42E352722170C0058736D /* Build configuration list for PBXProject "WeatherNow" */ = {
			isa = XCConfigurationList;
			buildConfigurations = (
				F7B42E4C272217110058736D /* Debug */,
				F7B42E4D272217110058736D /* Release */,
			);
			defaultConfigurationIsVisible = 0;
			defaultConfigurationName = Release;
		};
		F7B42E4E272217110058736D /* Build configuration list for PBXNativeTarget "WeatherNow" */ = {
			isa = XCConfigurationList;
			buildConfigurations = (
				F7B42E4F272217110058736D /* Debug */,
				F7B42E50272217110058736D /* Release */,
			);
			defaultConfigurationIsVisible = 0;
			defaultConfigurationName = Release;
		};
/* End XCConfigurationList section */

/* Begin XCRemoteSwiftPackageReference section */
		F7D4D89F273EF1B300A99E98 /* XCRemoteSwiftPackageReference "Reachability" */ = {
			isa = XCRemoteSwiftPackageReference;
			repositoryURL = "https://github.com/ashleymills/Reachability.swift";
			requirement = {
				kind = upToNextMajorVersion;
				minimumVersion = 5.0.0;
			};
		};
/* End XCRemoteSwiftPackageReference section */

/* Begin XCSwiftPackageProductDependency section */
		F7D4D8A0273EF1B300A99E98 /* Reachability */ = {
			isa = XCSwiftPackageProductDependency;
			package = F7D4D89F273EF1B300A99E98 /* XCRemoteSwiftPackageReference "Reachability" */;
			productName = Reachability;
		};
/* End XCSwiftPackageProductDependency section */
	};
	rootObject = F7B42E322722170C0058736D /* Project object */;
}
